
Microsoft Visual Studio Solution File, Format Version 12.00
# Visual Studio Version 17
VisualStudioVersion = 17.0.31903.59
MinimumVisualStudioVersion = 10.0.40219.1
Project("{2150E333-8FDC-42A3-9474-1A3956D46DE8}") = "src", "src", "{1EBE3BA5-68AB-46AF-BA6C-ABD4E588AA14}"
EndProject
Project("{2150E333-8FDC-42A3-9474-1A3956D46DE8}") = "Phase1_Foundation", "Phase1_Foundation", "{3ACC7715-E8DB-4195-B0A6-1ED4CCDEFDBB}"
EndProject
Project("{FAE04EC0-301F-11D3-BF4B-00C04F79EFBC}") = "1.1_EmptyWindow", "src\Phase1_Foundation\1.1_EmptyWindow\1.1_EmptyWindow.csproj", "{F0145E62-DEF3-4BB0-BA49-26736294ABB8}"
EndProject
Project("{FAE04EC0-301F-11D3-BF4B-00C04F79EFBC}") = "1.2_ChangingColors", "src\Phase1_Foundation\1.2_ChangingColors\1.2_ChangingColors.csproj", "{4733C7E2-5C5E-4B17-B2B9-CC5F510091FC}"
EndProject
Project("{FAE04EC0-301F-11D3-BF4B-00C04F79EFBC}") = "1.3_InputHandling", "src\Phase1_Foundation\1.3_InputHandling\1.3_InputHandling.csproj", "{A5736CEB-06F4-4BFE-B278-4414FBAC274A}"
EndProject
Project("{2150E333-8FDC-42A3-9474-1A3956D46DE8}") = "Phase2_FirstTriangle", "Phase2_FirstTriangle", "{A09C677D-E99B-4412-918F-9CCB731AF772}"
EndProject
Project("{FAE04EC0-301F-11D3-BF4B-00C04F79EFBC}") = "2.1_ColoredTriangle", "src\Phase2_FirstTriangle\2.1_ColoredTriangle\2.1_ColoredTriangle.csproj", "{E90C1F12-45CB-4E6B-B461-8DEC4AFD9872}"
EndProject
Project("{FAE04EC0-301F-11D3-BF4B-00C04F79EFBC}") = "2.2_MultiColorTriangle", "src\Phase2_FirstTriangle\2.2_MultiColorTriangle\2.2_MultiColorTriangle.csproj", "{7014F163-31CA-4FC6-BA56-E6ADF0BB45BA}"
EndProject
Project("{FAE04EC0-301F-11D3-BF4B-00C04F79EFBC}") = "2.1b_TwoShapes", "src\Phase2_FirstTriangle\2.1b_TwoShapes\2.1b_TwoShapes.csproj", "{26A79AE9-D1F7-4F5B-A024-710AE6B7196C}"
EndProject
Project("{FAE04EC0-301F-11D3-BF4B-00C04F79EFBC}") = "2.3_RotatingTriangle", "src\Phase2_FirstTriangle\2.3_RotatingTriangle\2.3_RotatingTriangle.csproj", "{9F64E812-3874-449F-A53F-CBDB0D07B9C7}"
EndProject
Global
	GlobalSection(SolutionConfigurationPlatforms) = preSolution
		Debug|Any CPU = Debug|Any CPU
		Release|Any CPU = Release|Any CPU
	EndGlobalSection
	GlobalSection(SolutionProperties) = preSolution
		HideSolutionNode = FALSE
	EndGlobalSection
	GlobalSection(ProjectConfigurationPlatforms) = postSolution
		{F0145E62-DEF3-4BB0-BA49-26736294ABB8}.Debug|Any CPU.ActiveCfg = Debug|Any CPU
		{F0145E62-DEF3-4BB0-BA49-26736294ABB8}.Debug|Any CPU.Build.0 = Debug|Any CPU
		{F0145E62-DEF3-4BB0-BA49-26736294ABB8}.Release|Any CPU.ActiveCfg = Release|Any CPU
		{F0145E62-DEF3-4BB0-BA49-26736294ABB8}.Release|Any CPU.Build.0 = Release|Any CPU
		{4733C7E2-5C5E-4B17-B2B9-CC5F510091FC}.Debug|Any CPU.ActiveCfg = Debug|Any CPU
		{4733C7E2-5C5E-4B17-B2B9-CC5F510091FC}.Debug|Any CPU.Build.0 = Debug|Any CPU
		{4733C7E2-5C5E-4B17-B2B9-CC5F510091FC}.Release|Any CPU.ActiveCfg = Release|Any CPU
		{4733C7E2-5C5E-4B17-B2B9-CC5F510091FC}.Release|Any CPU.Build.0 = Release|Any CPU
		{A5736CEB-06F4-4BFE-B278-4414FBAC274A}.Debug|Any CPU.ActiveCfg = Debug|Any CPU
		{A5736CEB-06F4-4BFE-B278-4414FBAC274A}.Debug|Any CPU.Build.0 = Debug|Any CPU
		{A5736CEB-06F4-4BFE-B278-4414FBAC274A}.Release|Any CPU.ActiveCfg = Release|Any CPU
		{A5736CEB-06F4-4BFE-B278-4414FBAC274A}.Release|Any CPU.Build.0 = Release|Any CPU
		{E90C1F12-45CB-4E6B-B461-8DEC4AFD9872}.Debug|Any CPU.ActiveCfg = Debug|Any CPU
		{E90C1F12-45CB-4E6B-B461-8DEC4AFD9872}.Debug|Any CPU.Build.0 = Debug|Any CPU
		{E90C1F12-45CB-4E6B-B461-8DEC4AFD9872}.Release|Any CPU.ActiveCfg = Release|Any CPU
		{E90C1F12-45CB-4E6B-B461-8DEC4AFD9872}.Release|Any CPU.Build.0 = Release|Any CPU
		{7014F163-31CA-4FC6-BA56-E6ADF0BB45BA}.Debug|Any CPU.ActiveCfg = Debug|Any CPU
		{7014F163-31CA-4FC6-BA56-E6ADF0BB45BA}.Debug|Any CPU.Build.0 = Debug|Any CPU
		{7014F163-31CA-4FC6-BA56-E6ADF0BB45BA}.Release|Any CPU.ActiveCfg = Release|Any CPU
		{7014F163-31CA-4FC6-BA56-E6ADF0BB45BA}.Release|Any CPU.Build.0 = Release|Any CPU
		{26A79AE9-D1F7-4F5B-A024-710AE6B7196C}.Debug|Any CPU.ActiveCfg = Debug|Any CPU
		{26A79AE9-D1F7-4F5B-A024-710AE6B7196C}.Debug|Any CPU.Build.0 = Debug|Any CPU
		{26A79AE9-D1F7-4F5B-A024-710AE6B7196C}.Release|Any CPU.ActiveCfg = Release|Any CPU
		{26A79AE9-D1F7-4F5B-A024-710AE6B7196C}.Release|Any CPU.Build.0 = Release|Any CPU
		{9F64E812-3874-449F-A53F-CBDB0D07B9C7}.Debug|Any CPU.ActiveCfg = Debug|Any CPU
		{9F64E812-3874-449F-A53F-CBDB0D07B9C7}.Debug|Any CPU.Build.0 = Debug|Any CPU
		{9F64E812-3874-449F-A53F-CBDB0D07B9C7}.Release|Any CPU.ActiveCfg = Release|Any CPU
		{9F64E812-3874-449F-A53F-CBDB0D07B9C7}.Release|Any CPU.Build.0 = Release|Any CPU
	EndGlobalSection
	GlobalSection(NestedProjects) = preSolution
		{3ACC7715-E8DB-4195-B0A6-1ED4CCDEFDBB} = {1EBE3BA5-68AB-46AF-BA6C-ABD4E588AA14}
		{F0145E62-DEF3-4BB0-BA49-26736294ABB8} = {3ACC7715-E8DB-4195-B0A6-1ED4CCDEFDBB}
		{4733C7E2-5C5E-4B17-B2B9-CC5F510091FC} = {3ACC7715-E8DB-4195-B0A6-1ED4CCDEFDBB}
		{A5736CEB-06F4-4BFE-B278-4414FBAC274A} = {3ACC7715-E8DB-4195-B0A6-1ED4CCDEFDBB}
		{A09C677D-E99B-4412-918F-9CCB731AF772} = {1EBE3BA5-68AB-46AF-BA6C-ABD4E588AA14}
		{E90C1F12-45CB-4E6B-B461-8DEC4AFD9872} = {A09C677D-E99B-4412-918F-9CCB731AF772}
		{7014F163-31CA-4FC6-BA56-E6ADF0BB45BA} = {A09C677D-E99B-4412-918F-9CCB731AF772}
		{26A79AE9-D1F7-4F5B-A024-710AE6B7196C} = {A09C677D-E99B-4412-918F-9CCB731AF772}
		{9F64E812-3874-449F-A53F-CBDB0D07B9C7} = {A09C677D-E99B-4412-918F-9CCB731AF772}
	EndGlobalSection
EndGlobal
